// !$*UTF8*$!
{
	archiveVersion = 1;
	classes = {
	};
	objectVersion = 56;
	objects = {

/* Begin PBXBuildFile section */
		022452ED2AF0FE2100063F13 /* swiftgen.yml in Resources */ = {isa = PBXBuildFile; fileRef = 022452EC2AF0FE2100063F13 /* swiftgen.yml */; };
		0287513A2AF0F6E9004993F4 /* AppDelegate.swift in Sources */ = {isa = PBXBuildFile; fileRef = 028751392AF0F6E9004993F4 /* AppDelegate.swift */; };
		0287513C2AF0F6E9004993F4 /* SceneDelegate.swift in Sources */ = {isa = PBXBuildFile; fileRef = 0287513B2AF0F6E9004993F4 /* SceneDelegate.swift */; };
		0287513E2AF0F6E9004993F4 /* ViewController.swift in Sources */ = {isa = PBXBuildFile; fileRef = 0287513D2AF0F6E9004993F4 /* ViewController.swift */; };
		028751432AF0F6EA004993F4 /* Assets.xcassets in Resources */ = {isa = PBXBuildFile; fileRef = 028751422AF0F6EA004993F4 /* Assets.xcassets */; };
		028751462AF0F6EA004993F4 /* LaunchScreen.storyboard in Resources */ = {isa = PBXBuildFile; fileRef = 028751442AF0F6EA004993F4 /* LaunchScreen.storyboard */; };
		028751542AF0F70D004993F4 /* LoginNC.swift in Sources */ = {isa = PBXBuildFile; fileRef = 028751512AF0F70D004993F4 /* LoginNC.swift */; };
		028751552AF0F70D004993F4 /* LoginVC.swift in Sources */ = {isa = PBXBuildFile; fileRef = 028751522AF0F70D004993F4 /* LoginVC.swift */; };
		028751562AF0F70D004993F4 /* SignupVC.swift in Sources */ = {isa = PBXBuildFile; fileRef = 028751532AF0F70D004993F4 /* SignupVC.swift */; };
		028751592AF0F713004993F4 /* SignupView.swift in Sources */ = {isa = PBXBuildFile; fileRef = 028751572AF0F713004993F4 /* SignupView.swift */; };
		0287515A2AF0F713004993F4 /* LoginView.swift in Sources */ = {isa = PBXBuildFile; fileRef = 028751582AF0F713004993F4 /* LoginView.swift */; };
		0287515D2AF0F72B004993F4 /* FirebaseAuthManager.swift in Sources */ = {isa = PBXBuildFile; fileRef = 0287515C2AF0F72B004993F4 /* FirebaseAuthManager.swift */; };
		0287515F2AF0F733004993F4 /* FirebaseAuthErrors.swift in Sources */ = {isa = PBXBuildFile; fileRef = 0287515E2AF0F733004993F4 /* FirebaseAuthErrors.swift */; };
		028751662AF0F74B004993F4 /* UILabel.swift in Sources */ = {isa = PBXBuildFile; fileRef = 028751622AF0F74B004993F4 /* UILabel.swift */; };
		028751672AF0F74B004993F4 /* UIButton.swift in Sources */ = {isa = PBXBuildFile; fileRef = 028751632AF0F74B004993F4 /* UIButton.swift */; };
		028751682AF0F74B004993F4 /* UITextField.swift in Sources */ = {isa = PBXBuildFile; fileRef = 028751642AF0F74B004993F4 /* UITextField.swift */; };
		028751692AF0F74B004993F4 /* UIView.swift in Sources */ = {isa = PBXBuildFile; fileRef = 028751652AF0F74B004993F4 /* UIView.swift */; };
		0287516E2AF0F75D004993F4 /* BaseView.swift in Sources */ = {isa = PBXBuildFile; fileRef = 0287516B2AF0F75D004993F4 /* BaseView.swift */; };
		0287516F2AF0F75D004993F4 /* BaseNC.swift in Sources */ = {isa = PBXBuildFile; fileRef = 0287516C2AF0F75D004993F4 /* BaseNC.swift */; };
		028751702AF0F75D004993F4 /* BaseVC.swift in Sources */ = {isa = PBXBuildFile; fileRef = 0287516D2AF0F75D004993F4 /* BaseVC.swift */; };
		028751732AF0F7D0004993F4 /* SocketIO in Frameworks */ = {isa = PBXBuildFile; productRef = 028751722AF0F7D0004993F4 /* SocketIO */; };
		028751762AF0F7DE004993F4 /* SnapKit in Frameworks */ = {isa = PBXBuildFile; productRef = 028751752AF0F7DE004993F4 /* SnapKit */; };
		0287517B2AF0F802004993F4 /* RxBlocking in Frameworks */ = {isa = PBXBuildFile; productRef = 0287517A2AF0F802004993F4 /* RxBlocking */; };
		0287517F2AF0F802004993F4 /* RxCocoa in Frameworks */ = {isa = PBXBuildFile; productRef = 0287517E2AF0F802004993F4 /* RxCocoa */; };
		028751832AF0F802004993F4 /* RxRelay in Frameworks */ = {isa = PBXBuildFile; productRef = 028751822AF0F802004993F4 /* RxRelay */; };
		028751872AF0F802004993F4 /* RxSwift in Frameworks */ = {isa = PBXBuildFile; productRef = 028751862AF0F802004993F4 /* RxSwift */; };
		028751962AF0F88B004993F4 /* FirebaseAuth in Frameworks */ = {isa = PBXBuildFile; productRef = 028751952AF0F88B004993F4 /* FirebaseAuth */; };
		028751C12AF0FADE004993F4 /* SignupModel.swift in Sources */ = {isa = PBXBuildFile; fileRef = 028751C02AF0FADE004993F4 /* SignupModel.swift */; };
		028751CD2AF0FC0A004993F4 /* Pretendard-Medium.ttf in Resources */ = {isa = PBXBuildFile; fileRef = 028751C42AF0FC0A004993F4 /* Pretendard-Medium.ttf */; };
		028751CE2AF0FC0A004993F4 /* Pretendard-Black.ttf in Resources */ = {isa = PBXBuildFile; fileRef = 028751C52AF0FC0A004993F4 /* Pretendard-Black.ttf */; };
		028751CF2AF0FC0A004993F4 /* Pretendard-Regular.ttf in Resources */ = {isa = PBXBuildFile; fileRef = 028751C62AF0FC0A004993F4 /* Pretendard-Regular.ttf */; };
		028751D02AF0FC0A004993F4 /* Pretendard-Thin.ttf in Resources */ = {isa = PBXBuildFile; fileRef = 028751C72AF0FC0A004993F4 /* Pretendard-Thin.ttf */; };
		028751D12AF0FC0A004993F4 /* Pretendard-ExtraLight.ttf in Resources */ = {isa = PBXBuildFile; fileRef = 028751C82AF0FC0A004993F4 /* Pretendard-ExtraLight.ttf */; };
		028751D22AF0FC0A004993F4 /* Pretendard-SemiBold.ttf in Resources */ = {isa = PBXBuildFile; fileRef = 028751C92AF0FC0A004993F4 /* Pretendard-SemiBold.ttf */; };
		028751D32AF0FC0A004993F4 /* Pretendard-ExtraBold.ttf in Resources */ = {isa = PBXBuildFile; fileRef = 028751CA2AF0FC0A004993F4 /* Pretendard-ExtraBold.ttf */; };
		028751D42AF0FC0A004993F4 /* Pretendard-Bold.ttf in Resources */ = {isa = PBXBuildFile; fileRef = 028751CB2AF0FC0A004993F4 /* Pretendard-Bold.ttf */; };
		028751D52AF0FC0A004993F4 /* Pretendard-Light.ttf in Resources */ = {isa = PBXBuildFile; fileRef = 028751CC2AF0FC0A004993F4 /* Pretendard-Light.ttf */; };
		029BCE082AF1002400145A09 /* Assets.swift in Sources */ = {isa = PBXBuildFile; fileRef = 029BCE062AF1002400145A09 /* Assets.swift */; };
		029BCE092AF1002400145A09 /* Fonts.swift in Sources */ = {isa = PBXBuildFile; fileRef = 029BCE072AF1002400145A09 /* Fonts.swift */; };
/* End PBXBuildFile section */

/* Begin PBXFileReference section */
		022452EC2AF0FE2100063F13 /* swiftgen.yml */ = {isa = PBXFileReference; lastKnownFileType = text.yaml; path = swiftgen.yml; sourceTree = "<group>"; };
		028751362AF0F6E9004993F4 /* SocketChatting.app */ = {isa = PBXFileReference; explicitFileType = wrapper.application; includeInIndex = 0; path = SocketChatting.app; sourceTree = BUILT_PRODUCTS_DIR; };
		028751392AF0F6E9004993F4 /* AppDelegate.swift */ = {isa = PBXFileReference; lastKnownFileType = sourcecode.swift; path = AppDelegate.swift; sourceTree = "<group>"; };
		0287513B2AF0F6E9004993F4 /* SceneDelegate.swift */ = {isa = PBXFileReference; lastKnownFileType = sourcecode.swift; path = SceneDelegate.swift; sourceTree = "<group>"; };
		0287513D2AF0F6E9004993F4 /* ViewController.swift */ = {isa = PBXFileReference; lastKnownFileType = sourcecode.swift; path = ViewController.swift; sourceTree = "<group>"; };
		028751422AF0F6EA004993F4 /* Assets.xcassets */ = {isa = PBXFileReference; lastKnownFileType = folder.assetcatalog; path = Assets.xcassets; sourceTree = "<group>"; };
		028751452AF0F6EA004993F4 /* Base */ = {isa = PBXFileReference; lastKnownFileType = file.storyboard; name = Base; path = Base.lproj/LaunchScreen.storyboard; sourceTree = "<group>"; };
		028751472AF0F6EA004993F4 /* Info.plist */ = {isa = PBXFileReference; lastKnownFileType = text.plist.xml; path = Info.plist; sourceTree = "<group>"; };
		028751512AF0F70D004993F4 /* LoginNC.swift */ = {isa = PBXFileReference; fileEncoding = 4; lastKnownFileType = sourcecode.swift; path = LoginNC.swift; sourceTree = "<group>"; };
		028751522AF0F70D004993F4 /* LoginVC.swift */ = {isa = PBXFileReference; fileEncoding = 4; lastKnownFileType = sourcecode.swift; path = LoginVC.swift; sourceTree = "<group>"; };
		028751532AF0F70D004993F4 /* SignupVC.swift */ = {isa = PBXFileReference; fileEncoding = 4; lastKnownFileType = sourcecode.swift; path = SignupVC.swift; sourceTree = "<group>"; };
		028751572AF0F713004993F4 /* SignupView.swift */ = {isa = PBXFileReference; fileEncoding = 4; lastKnownFileType = sourcecode.swift; path = SignupView.swift; sourceTree = "<group>"; };
		028751582AF0F713004993F4 /* LoginView.swift */ = {isa = PBXFileReference; fileEncoding = 4; lastKnownFileType = sourcecode.swift; path = LoginView.swift; sourceTree = "<group>"; };
		0287515C2AF0F72B004993F4 /* FirebaseAuthManager.swift */ = {isa = PBXFileReference; fileEncoding = 4; lastKnownFileType = sourcecode.swift; path = FirebaseAuthManager.swift; sourceTree = "<group>"; };
		0287515E2AF0F733004993F4 /* FirebaseAuthErrors.swift */ = {isa = PBXFileReference; fileEncoding = 4; lastKnownFileType = sourcecode.swift; path = FirebaseAuthErrors.swift; sourceTree = "<group>"; };
		028751622AF0F74B004993F4 /* UILabel.swift */ = {isa = PBXFileReference; fileEncoding = 4; lastKnownFileType = sourcecode.swift; path = UILabel.swift; sourceTree = "<group>"; };
		028751632AF0F74B004993F4 /* UIButton.swift */ = {isa = PBXFileReference; fileEncoding = 4; lastKnownFileType = sourcecode.swift; path = UIButton.swift; sourceTree = "<group>"; };
		028751642AF0F74B004993F4 /* UITextField.swift */ = {isa = PBXFileReference; fileEncoding = 4; lastKnownFileType = sourcecode.swift; path = UITextField.swift; sourceTree = "<group>"; };
		028751652AF0F74B004993F4 /* UIView.swift */ = {isa = PBXFileReference; fileEncoding = 4; lastKnownFileType = sourcecode.swift; path = UIView.swift; sourceTree = "<group>"; };
		0287516B2AF0F75D004993F4 /* BaseView.swift */ = {isa = PBXFileReference; fileEncoding = 4; lastKnownFileType = sourcecode.swift; path = BaseView.swift; sourceTree = "<group>"; };
		0287516C2AF0F75D004993F4 /* BaseNC.swift */ = {isa = PBXFileReference; fileEncoding = 4; lastKnownFileType = sourcecode.swift; path = BaseNC.swift; sourceTree = "<group>"; };
		0287516D2AF0F75D004993F4 /* BaseVC.swift */ = {isa = PBXFileReference; fileEncoding = 4; lastKnownFileType = sourcecode.swift; path = BaseVC.swift; sourceTree = "<group>"; };
		028751C02AF0FADE004993F4 /* SignupModel.swift */ = {isa = PBXFileReference; lastKnownFileType = sourcecode.swift; path = SignupModel.swift; sourceTree = "<group>"; };
		028751C42AF0FC0A004993F4 /* Pretendard-Medium.ttf */ = {isa = PBXFileReference; lastKnownFileType = file; path = "Pretendard-Medium.ttf"; sourceTree = "<group>"; };
		028751C52AF0FC0A004993F4 /* Pretendard-Black.ttf */ = {isa = PBXFileReference; lastKnownFileType = file; path = "Pretendard-Black.ttf"; sourceTree = "<group>"; };
		028751C62AF0FC0A004993F4 /* Pretendard-Regular.ttf */ = {isa = PBXFileReference; lastKnownFileType = file; path = "Pretendard-Regular.ttf"; sourceTree = "<group>"; };
		028751C72AF0FC0A004993F4 /* Pretendard-Thin.ttf */ = {isa = PBXFileReference; lastKnownFileType = file; path = "Pretendard-Thin.ttf"; sourceTree = "<group>"; };
		028751C82AF0FC0A004993F4 /* Pretendard-ExtraLight.ttf */ = {isa = PBXFileReference; lastKnownFileType = file; path = "Pretendard-ExtraLight.ttf"; sourceTree = "<group>"; };
		028751C92AF0FC0A004993F4 /* Pretendard-SemiBold.ttf */ = {isa = PBXFileReference; lastKnownFileType = file; path = "Pretendard-SemiBold.ttf"; sourceTree = "<group>"; };
		028751CA2AF0FC0A004993F4 /* Pretendard-ExtraBold.ttf */ = {isa = PBXFileReference; lastKnownFileType = file; path = "Pretendard-ExtraBold.ttf"; sourceTree = "<group>"; };
		028751CB2AF0FC0A004993F4 /* Pretendard-Bold.ttf */ = {isa = PBXFileReference; lastKnownFileType = file; path = "Pretendard-Bold.ttf"; sourceTree = "<group>"; };
		028751CC2AF0FC0A004993F4 /* Pretendard-Light.ttf */ = {isa = PBXFileReference; lastKnownFileType = file; path = "Pretendard-Light.ttf"; sourceTree = "<group>"; };
		029BCE062AF1002400145A09 /* Assets.swift */ = {isa = PBXFileReference; fileEncoding = 4; lastKnownFileType = sourcecode.swift; path = Assets.swift; sourceTree = "<group>"; };
		029BCE072AF1002400145A09 /* Fonts.swift */ = {isa = PBXFileReference; fileEncoding = 4; lastKnownFileType = sourcecode.swift; path = Fonts.swift; sourceTree = "<group>"; };
/* End PBXFileReference section */

/* Begin PBXFrameworksBuildPhase section */
		028751332AF0F6E9004993F4 /* Frameworks */ = {
			isa = PBXFrameworksBuildPhase;
			buildActionMask = 2147483647;
			files = (
				028751962AF0F88B004993F4 /* FirebaseAuth in Frameworks */,
				0287517F2AF0F802004993F4 /* RxCocoa in Frameworks */,
				028751872AF0F802004993F4 /* RxSwift in Frameworks */,
				028751732AF0F7D0004993F4 /* SocketIO in Frameworks */,
				0287517B2AF0F802004993F4 /* RxBlocking in Frameworks */,
				028751762AF0F7DE004993F4 /* SnapKit in Frameworks */,
				028751832AF0F802004993F4 /* RxRelay in Frameworks */,
			);
			runOnlyForDeploymentPostprocessing = 0;
		};
/* End PBXFrameworksBuildPhase section */

/* Begin PBXGroup section */
		0287512D2AF0F6E9004993F4 = {
			isa = PBXGroup;
			children = (
				022452EC2AF0FE2100063F13 /* swiftgen.yml */,
				028751382AF0F6E9004993F4 /* SocketChatting */,
				028751372AF0F6E9004993F4 /* Products */,
			);
			sourceTree = "<group>";
		};
		028751372AF0F6E9004993F4 /* Products */ = {
			isa = PBXGroup;
			children = (
				028751362AF0F6E9004993F4 /* SocketChatting.app */,
			);
			name = Products;
			sourceTree = "<group>";
		};
		028751382AF0F6E9004993F4 /* SocketChatting */ = {
			isa = PBXGroup;
			children = (
				0287515B2AF0F71F004993F4 /* Util */,
				0287514D2AF0F6F0004993F4 /* Screen */,
				028751392AF0F6E9004993F4 /* AppDelegate.swift */,
				0287513B2AF0F6E9004993F4 /* SceneDelegate.swift */,
				0287513D2AF0F6E9004993F4 /* ViewController.swift */,
				028751442AF0F6EA004993F4 /* LaunchScreen.storyboard */,
				028751472AF0F6EA004993F4 /* Info.plist */,
				028751C22AF0FBF6004993F4 /* Resource */,
			);
			path = SocketChatting;
			sourceTree = "<group>";
		};
		0287514D2AF0F6F0004993F4 /* Screen */ = {
			isa = PBXGroup;
			children = (
				0287514E2AF0F6F4004993F4 /* Login */,
			);
			path = Screen;
			sourceTree = "<group>";
		};
		0287514E2AF0F6F4004993F4 /* Login */ = {
			isa = PBXGroup;
			children = (
				028751BF2AF0FAD0004993F4 /* Model */,
				028751502AF0F6F9004993F4 /* Controller */,
				0287514F2AF0F6F7004993F4 /* View */,
			);
			path = Login;
			sourceTree = "<group>";
		};
		0287514F2AF0F6F7004993F4 /* View */ = {
			isa = PBXGroup;
			children = (
				028751582AF0F713004993F4 /* LoginView.swift */,
				028751572AF0F713004993F4 /* SignupView.swift */,
			);
			path = View;
			sourceTree = "<group>";
		};
		028751502AF0F6F9004993F4 /* Controller */ = {
			isa = PBXGroup;
			children = (
				028751512AF0F70D004993F4 /* LoginNC.swift */,
				028751522AF0F70D004993F4 /* LoginVC.swift */,
				028751532AF0F70D004993F4 /* SignupVC.swift */,
			);
			path = Controller;
			sourceTree = "<group>";
		};
		0287515B2AF0F71F004993F4 /* Util */ = {
			isa = PBXGroup;
			children = (
				0287516A2AF0F753004993F4 /* Base */,
				028751612AF0F73E004993F4 /* Extension */,
				028751602AF0F735004993F4 /* Enum */,
				0287515C2AF0F72B004993F4 /* FirebaseAuthManager.swift */,
			);
			path = Util;
			sourceTree = "<group>";
		};
		028751602AF0F735004993F4 /* Enum */ = {
			isa = PBXGroup;
			children = (
				0287515E2AF0F733004993F4 /* FirebaseAuthErrors.swift */,
			);
			path = Enum;
			sourceTree = "<group>";
		};
		028751612AF0F73E004993F4 /* Extension */ = {
			isa = PBXGroup;
			children = (
				028751632AF0F74B004993F4 /* UIButton.swift */,
				028751622AF0F74B004993F4 /* UILabel.swift */,
				028751642AF0F74B004993F4 /* UITextField.swift */,
				028751652AF0F74B004993F4 /* UIView.swift */,
			);
			path = Extension;
			sourceTree = "<group>";
		};
		0287516A2AF0F753004993F4 /* Base */ = {
			isa = PBXGroup;
			children = (
				0287516C2AF0F75D004993F4 /* BaseNC.swift */,
				0287516D2AF0F75D004993F4 /* BaseVC.swift */,
				0287516B2AF0F75D004993F4 /* BaseView.swift */,
			);
			path = Base;
			sourceTree = "<group>";
		};
		028751BF2AF0FAD0004993F4 /* Model */ = {
			isa = PBXGroup;
			children = (
				028751C02AF0FADE004993F4 /* SignupModel.swift */,
			);
			path = Model;
			sourceTree = "<group>";
		};
		028751C22AF0FBF6004993F4 /* Resource */ = {
			isa = PBXGroup;
			children = (
				029BCE052AF0FEC600145A09 /* Assets */,
				028751D62AF0FC0C004993F4 /* SwiftGen */,
				028751C32AF0FC0A004993F4 /* Font */,
			);
			path = Resource;
			sourceTree = "<group>";
		};
		028751C32AF0FC0A004993F4 /* Font */ = {
			isa = PBXGroup;
			children = (
				028751C42AF0FC0A004993F4 /* Pretendard-Medium.ttf */,
				028751C52AF0FC0A004993F4 /* Pretendard-Black.ttf */,
				028751C62AF0FC0A004993F4 /* Pretendard-Regular.ttf */,
				028751C72AF0FC0A004993F4 /* Pretendard-Thin.ttf */,
				028751C82AF0FC0A004993F4 /* Pretendard-ExtraLight.ttf */,
				028751C92AF0FC0A004993F4 /* Pretendard-SemiBold.ttf */,
				028751CA2AF0FC0A004993F4 /* Pretendard-ExtraBold.ttf */,
				028751CB2AF0FC0A004993F4 /* Pretendard-Bold.ttf */,
				028751CC2AF0FC0A004993F4 /* Pretendard-Light.ttf */,
			);
			path = Font;
			sourceTree = "<group>";
		};
		028751D62AF0FC0C004993F4 /* SwiftGen */ = {
			isa = PBXGroup;
			children = (
				029BCE062AF1002400145A09 /* Assets.swift */,
				029BCE072AF1002400145A09 /* Fonts.swift */,
			);
			path = SwiftGen;
			sourceTree = "<group>";
		};
		029BCE052AF0FEC600145A09 /* Assets */ = {
			isa = PBXGroup;
			children = (
				028751422AF0F6EA004993F4 /* Assets.xcassets */,
			);
			path = Assets;
			sourceTree = "<group>";
		};
/* End PBXGroup section */

/* Begin PBXNativeTarget section */
		028751352AF0F6E9004993F4 /* SocketChatting */ = {
			isa = PBXNativeTarget;
			buildConfigurationList = 0287514A2AF0F6EA004993F4 /* Build configuration list for PBXNativeTarget "SocketChatting" */;
			buildPhases = (
				028751322AF0F6E9004993F4 /* Sources */,
				028751332AF0F6E9004993F4 /* Frameworks */,
				028751342AF0F6E9004993F4 /* Resources */,
				028751D92AF0FC61004993F4 /* Run Script */,
			);
			buildRules = (
			);
			dependencies = (
			);
			name = SocketChatting;
			packageProductDependencies = (
				028751722AF0F7D0004993F4 /* SocketIO */,
				028751752AF0F7DE004993F4 /* SnapKit */,
				0287517A2AF0F802004993F4 /* RxBlocking */,
				0287517E2AF0F802004993F4 /* RxCocoa */,
				028751822AF0F802004993F4 /* RxRelay */,
				028751862AF0F802004993F4 /* RxSwift */,
				028751952AF0F88B004993F4 /* FirebaseAuth */,
			);
			productName = SocketChatting;
			productReference = 028751362AF0F6E9004993F4 /* SocketChatting.app */;
			productType = "com.apple.product-type.application";
		};
/* End PBXNativeTarget section */

/* Begin PBXProject section */
		0287512E2AF0F6E9004993F4 /* Project object */ = {
			isa = PBXProject;
			attributes = {
				BuildIndependentTargetsInParallel = 1;
				LastSwiftUpdateCheck = 1500;
				LastUpgradeCheck = 1500;
				TargetAttributes = {
					028751352AF0F6E9004993F4 = {
						CreatedOnToolsVersion = 15.0.1;
					};
				};
			};
			buildConfigurationList = 028751312AF0F6E9004993F4 /* Build configuration list for PBXProject "SocketChatting" */;
			compatibilityVersion = "Xcode 14.0";
			developmentRegion = en;
			hasScannedForEncodings = 0;
			knownRegions = (
				en,
				Base,
			);
			mainGroup = 0287512D2AF0F6E9004993F4;
			packageReferences = (
				028751712AF0F7D0004993F4 /* XCRemoteSwiftPackageReference "socket" */,
				028751742AF0F7DE004993F4 /* XCRemoteSwiftPackageReference "SnapKit" */,
				028751792AF0F802004993F4 /* XCRemoteSwiftPackageReference "RxSwift" */,
				0287518E2AF0F88B004993F4 /* XCRemoteSwiftPackageReference "firebase-ios-sdk" */,
			);
			productRefGroup = 028751372AF0F6E9004993F4 /* Products */;
			projectDirPath = "";
			projectRoot = "";
			targets = (
				028751352AF0F6E9004993F4 /* SocketChatting */,
			);
		};
/* End PBXProject section */

/* Begin PBXResourcesBuildPhase section */
		028751342AF0F6E9004993F4 /* Resources */ = {
			isa = PBXResourcesBuildPhase;
			buildActionMask = 2147483647;
			files = (
				028751D52AF0FC0A004993F4 /* Pretendard-Light.ttf in Resources */,
				028751D32AF0FC0A004993F4 /* Pretendard-ExtraBold.ttf in Resources */,
				028751D22AF0FC0A004993F4 /* Pretendard-SemiBold.ttf in Resources */,
				028751D02AF0FC0A004993F4 /* Pretendard-Thin.ttf in Resources */,
				028751462AF0F6EA004993F4 /* LaunchScreen.storyboard in Resources */,
				028751432AF0F6EA004993F4 /* Assets.xcassets in Resources */,
				028751CF2AF0FC0A004993F4 /* Pretendard-Regular.ttf in Resources */,
				028751D42AF0FC0A004993F4 /* Pretendard-Bold.ttf in Resources */,
				028751D12AF0FC0A004993F4 /* Pretendard-ExtraLight.ttf in Resources */,
				028751CD2AF0FC0A004993F4 /* Pretendard-Medium.ttf in Resources */,
				028751CE2AF0FC0A004993F4 /* Pretendard-Black.ttf in Resources */,
				022452ED2AF0FE2100063F13 /* swiftgen.yml in Resources */,
			);
			runOnlyForDeploymentPostprocessing = 0;
		};
/* End PBXResourcesBuildPhase section */

/* Begin PBXShellScriptBuildPhase section */
		028751D92AF0FC61004993F4 /* Run Script */ = {
			isa = PBXShellScriptBuildPhase;
			buildActionMask = 8;
			files = (
			);
			inputFileListPaths = (
			);
			inputPaths = (
			);
			name = "Run Script";
			outputFileListPaths = (
			);
			outputPaths = (
			);
			runOnlyForDeploymentPostprocessing = 1;
			shellPath = /bin/sh;
			shellScript = "PATH=/opt/homebrew/bin:$PATH\nswiftgen config run\n";
		};
/* End PBXShellScriptBuildPhase section */

/* Begin PBXSourcesBuildPhase section */
		028751322AF0F6E9004993F4 /* Sources */ = {
			isa = PBXSourcesBuildPhase;
			buildActionMask = 2147483647;
			files = (
				028751592AF0F713004993F4 /* SignupView.swift in Sources */,
				028751702AF0F75D004993F4 /* BaseVC.swift in Sources */,
				029BCE082AF1002400145A09 /* Assets.swift in Sources */,
				028751562AF0F70D004993F4 /* SignupVC.swift in Sources */,
				0287513E2AF0F6E9004993F4 /* ViewController.swift in Sources */,
				0287516F2AF0F75D004993F4 /* BaseNC.swift in Sources */,
				028751C12AF0FADE004993F4 /* SignupModel.swift in Sources */,
				028751662AF0F74B004993F4 /* UILabel.swift in Sources */,
				0287515D2AF0F72B004993F4 /* FirebaseAuthManager.swift in Sources */,
				028751682AF0F74B004993F4 /* UITextField.swift in Sources */,
				0287513A2AF0F6E9004993F4 /* AppDelegate.swift in Sources */,
				028751542AF0F70D004993F4 /* LoginNC.swift in Sources */,
				0287513C2AF0F6E9004993F4 /* SceneDelegate.swift in Sources */,
				0287515A2AF0F713004993F4 /* LoginView.swift in Sources */,
				028751692AF0F74B004993F4 /* UIView.swift in Sources */,
				028751552AF0F70D004993F4 /* LoginVC.swift in Sources */,
				029BCE092AF1002400145A09 /* Fonts.swift in Sources */,
				0287516E2AF0F75D004993F4 /* BaseView.swift in Sources */,
				0287515F2AF0F733004993F4 /* FirebaseAuthErrors.swift in Sources */,
				028751672AF0F74B004993F4 /* UIButton.swift in Sources */,
			);
			runOnlyForDeploymentPostprocessing = 0;
		};
/* End PBXSourcesBuildPhase section */

/* Begin PBXVariantGroup section */
		028751442AF0F6EA004993F4 /* LaunchScreen.storyboard */ = {
			isa = PBXVariantGroup;
			children = (
				028751452AF0F6EA004993F4 /* Base */,
			);
			name = LaunchScreen.storyboard;
			sourceTree = "<group>";
		};
/* End PBXVariantGroup section */

/* Begin XCBuildConfiguration section */
		028751482AF0F6EA004993F4 /* Debug */ = {
			isa = XCBuildConfiguration;
			buildSettings = {
				ALWAYS_SEARCH_USER_PATHS = NO;
				ASSETCATALOG_COMPILER_GENERATE_SWIFT_ASSET_SYMBOL_EXTENSIONS = YES;
				CLANG_ANALYZER_NONNULL = YES;
				CLANG_ANALYZER_NUMBER_OBJECT_CONVERSION = YES_AGGRESSIVE;
				CLANG_CXX_LANGUAGE_STANDARD = "gnu++20";
				CLANG_ENABLE_MODULES = YES;
				CLANG_ENABLE_OBJC_ARC = YES;
				CLANG_ENABLE_OBJC_WEAK = YES;
				CLANG_WARN_BLOCK_CAPTURE_AUTORELEASING = YES;
				CLANG_WARN_BOOL_CONVERSION = YES;
				CLANG_WARN_COMMA = YES;
				CLANG_WARN_CONSTANT_CONVERSION = YES;
				CLANG_WARN_DEPRECATED_OBJC_IMPLEMENTATIONS = YES;
				CLANG_WARN_DIRECT_OBJC_ISA_USAGE = YES_ERROR;
				CLANG_WARN_DOCUMENTATION_COMMENTS = YES;
				CLANG_WARN_EMPTY_BODY = YES;
				CLANG_WARN_ENUM_CONVERSION = YES;
				CLANG_WARN_INFINITE_RECURSION = YES;
				CLANG_WARN_INT_CONVERSION = YES;
				CLANG_WARN_NON_LITERAL_NULL_CONVERSION = YES;
				CLANG_WARN_OBJC_IMPLICIT_RETAIN_SELF = YES;
				CLANG_WARN_OBJC_LITERAL_CONVERSION = YES;
				CLANG_WARN_OBJC_ROOT_CLASS = YES_ERROR;
				CLANG_WARN_QUOTED_INCLUDE_IN_FRAMEWORK_HEADER = YES;
				CLANG_WARN_RANGE_LOOP_ANALYSIS = YES;
				CLANG_WARN_STRICT_PROTOTYPES = YES;
				CLANG_WARN_SUSPICIOUS_MOVE = YES;
				CLANG_WARN_UNGUARDED_AVAILABILITY = YES_AGGRESSIVE;
				CLANG_WARN_UNREACHABLE_CODE = YES;
				CLANG_WARN__DUPLICATE_METHOD_MATCH = YES;
				COPY_PHASE_STRIP = NO;
				DEBUG_INFORMATION_FORMAT = dwarf;
				ENABLE_STRICT_OBJC_MSGSEND = YES;
				ENABLE_TESTABILITY = YES;
				ENABLE_USER_SCRIPT_SANDBOXING = YES;
				GCC_C_LANGUAGE_STANDARD = gnu17;
				GCC_DYNAMIC_NO_PIC = NO;
				GCC_NO_COMMON_BLOCKS = YES;
				GCC_OPTIMIZATION_LEVEL = 0;
				GCC_PREPROCESSOR_DEFINITIONS = (
					"DEBUG=1",
					"$(inherited)",
				);
				GCC_WARN_64_TO_32_BIT_CONVERSION = YES;
				GCC_WARN_ABOUT_RETURN_TYPE = YES_ERROR;
				GCC_WARN_UNDECLARED_SELECTOR = YES;
				GCC_WARN_UNINITIALIZED_AUTOS = YES_AGGRESSIVE;
				GCC_WARN_UNUSED_FUNCTION = YES;
				GCC_WARN_UNUSED_VARIABLE = YES;
				IPHONEOS_DEPLOYMENT_TARGET = 15.0;
				LOCALIZATION_PREFERS_STRING_CATALOGS = YES;
				MTL_ENABLE_DEBUG_INFO = INCLUDE_SOURCE;
				MTL_FAST_MATH = YES;
				ONLY_ACTIVE_ARCH = YES;
				SDKROOT = iphoneos;
				SWIFT_ACTIVE_COMPILATION_CONDITIONS = "DEBUG $(inherited)";
				SWIFT_OPTIMIZATION_LEVEL = "-Onone";
			};
			name = Debug;
		};
		028751492AF0F6EA004993F4 /* Release */ = {
			isa = XCBuildConfiguration;
			buildSettings = {
				ALWAYS_SEARCH_USER_PATHS = NO;
				ASSETCATALOG_COMPILER_GENERATE_SWIFT_ASSET_SYMBOL_EXTENSIONS = YES;
				CLANG_ANALYZER_NONNULL = YES;
				CLANG_ANALYZER_NUMBER_OBJECT_CONVERSION = YES_AGGRESSIVE;
				CLANG_CXX_LANGUAGE_STANDARD = "gnu++20";
				CLANG_ENABLE_MODULES = YES;
				CLANG_ENABLE_OBJC_ARC = YES;
				CLANG_ENABLE_OBJC_WEAK = YES;
				CLANG_WARN_BLOCK_CAPTURE_AUTORELEASING = YES;
				CLANG_WARN_BOOL_CONVERSION = YES;
				CLANG_WARN_COMMA = YES;
				CLANG_WARN_CONSTANT_CONVERSION = YES;
				CLANG_WARN_DEPRECATED_OBJC_IMPLEMENTATIONS = YES;
				CLANG_WARN_DIRECT_OBJC_ISA_USAGE = YES_ERROR;
				CLANG_WARN_DOCUMENTATION_COMMENTS = YES;
				CLANG_WARN_EMPTY_BODY = YES;
				CLANG_WARN_ENUM_CONVERSION = YES;
				CLANG_WARN_INFINITE_RECURSION = YES;
				CLANG_WARN_INT_CONVERSION = YES;
				CLANG_WARN_NON_LITERAL_NULL_CONVERSION = YES;
				CLANG_WARN_OBJC_IMPLICIT_RETAIN_SELF = YES;
				CLANG_WARN_OBJC_LITERAL_CONVERSION = YES;
				CLANG_WARN_OBJC_ROOT_CLASS = YES_ERROR;
				CLANG_WARN_QUOTED_INCLUDE_IN_FRAMEWORK_HEADER = YES;
				CLANG_WARN_RANGE_LOOP_ANALYSIS = YES;
				CLANG_WARN_STRICT_PROTOTYPES = YES;
				CLANG_WARN_SUSPICIOUS_MOVE = YES;
				CLANG_WARN_UNGUARDED_AVAILABILITY = YES_AGGRESSIVE;
				CLANG_WARN_UNREACHABLE_CODE = YES;
				CLANG_WARN__DUPLICATE_METHOD_MATCH = YES;
				COPY_PHASE_STRIP = NO;
				DEBUG_INFORMATION_FORMAT = "dwarf-with-dsym";
				ENABLE_NS_ASSERTIONS = NO;
				ENABLE_STRICT_OBJC_MSGSEND = YES;
				ENABLE_USER_SCRIPT_SANDBOXING = YES;
				GCC_C_LANGUAGE_STANDARD = gnu17;
				GCC_NO_COMMON_BLOCKS = YES;
				GCC_WARN_64_TO_32_BIT_CONVERSION = YES;
				GCC_WARN_ABOUT_RETURN_TYPE = YES_ERROR;
				GCC_WARN_UNDECLARED_SELECTOR = YES;
				GCC_WARN_UNINITIALIZED_AUTOS = YES_AGGRESSIVE;
				GCC_WARN_UNUSED_FUNCTION = YES;
				GCC_WARN_UNUSED_VARIABLE = YES;
				IPHONEOS_DEPLOYMENT_TARGET = 15.0;
				LOCALIZATION_PREFERS_STRING_CATALOGS = YES;
				MTL_ENABLE_DEBUG_INFO = NO;
				MTL_FAST_MATH = YES;
				SDKROOT = iphoneos;
				SWIFT_COMPILATION_MODE = wholemodule;
				VALIDATE_PRODUCT = YES;
			};
			name = Release;
		};
		0287514B2AF0F6EA004993F4 /* Debug */ = {
			isa = XCBuildConfiguration;
			buildSettings = {
				ASSETCATALOG_COMPILER_APPICON_NAME = AppIcon;
				ASSETCATALOG_COMPILER_GLOBAL_ACCENT_COLOR_NAME = AccentColor;
				CODE_SIGN_STYLE = Automatic;
				CURRENT_PROJECT_VERSION = 1;
				DEVELOPMENT_TEAM = 68P2WV4DR3;
				GENERATE_INFOPLIST_FILE = YES;
				INFOPLIST_FILE = SocketChatting/Info.plist;
				INFOPLIST_KEY_UIApplicationSupportsIndirectInputEvents = YES;
				INFOPLIST_KEY_UILaunchStoryboardName = LaunchScreen;
				INFOPLIST_KEY_UIMainStoryboardFile = "";
				INFOPLIST_KEY_UISupportedInterfaceOrientations_iPad = "UIInterfaceOrientationPortrait UIInterfaceOrientationPortraitUpsideDown UIInterfaceOrientationLandscapeLeft UIInterfaceOrientationLandscapeRight";
				INFOPLIST_KEY_UISupportedInterfaceOrientations_iPhone = "UIInterfaceOrientationPortrait UIInterfaceOrientationLandscapeLeft UIInterfaceOrientationLandscapeRight";
				IPHONEOS_DEPLOYMENT_TARGET = 15.0;
				LD_RUNPATH_SEARCH_PATHS = (
					"$(inherited)",
					"@executable_path/Frameworks",
				);
				MARKETING_VERSION = 1.0;
				PRODUCT_BUNDLE_IDENTIFIER = com.lily.SocketChatting;
				PRODUCT_NAME = "$(TARGET_NAME)";
				SWIFT_EMIT_LOC_STRINGS = YES;
				SWIFT_VERSION = 5.0;
				TARGETED_DEVICE_FAMILY = "1,2";
			};
			name = Debug;
		};
		0287514C2AF0F6EA004993F4 /* Release */ = {
			isa = XCBuildConfiguration;
			buildSettings = {
				ASSETCATALOG_COMPILER_APPICON_NAME = AppIcon;
				ASSETCATALOG_COMPILER_GLOBAL_ACCENT_COLOR_NAME = AccentColor;
				CODE_SIGN_STYLE = Automatic;
				CURRENT_PROJECT_VERSION = 1;
				DEVELOPMENT_TEAM = 68P2WV4DR3;
				GENERATE_INFOPLIST_FILE = YES;
				INFOPLIST_FILE = SocketChatting/Info.plist;
				INFOPLIST_KEY_UIApplicationSupportsIndirectInputEvents = YES;
				INFOPLIST_KEY_UILaunchStoryboardName = LaunchScreen;
				INFOPLIST_KEY_UIMainStoryboardFile = "";
				INFOPLIST_KEY_UISupportedInterfaceOrientations_iPad = "UIInterfaceOrientationPortrait UIInterfaceOrientationPortraitUpsideDown UIInterfaceOrientationLandscapeLeft UIInterfaceOrientationLandscapeRight";
				INFOPLIST_KEY_UISupportedInterfaceOrientations_iPhone = "UIInterfaceOrientationPortrait UIInterfaceOrientationLandscapeLeft UIInterfaceOrientationLandscapeRight";
				IPHONEOS_DEPLOYMENT_TARGET = 15.0;
				LD_RUNPATH_SEARCH_PATHS = (
					"$(inherited)",
					"@executable_path/Frameworks",
				);
				MARKETING_VERSION = 1.0;
				PRODUCT_BUNDLE_IDENTIFIER = com.lily.SocketChatting;
				PRODUCT_NAME = "$(TARGET_NAME)";
				SWIFT_EMIT_LOC_STRINGS = YES;
				SWIFT_VERSION = 5.0;
				TARGETED_DEVICE_FAMILY = "1,2";
			};
			name = Release;
		};
/* End XCBuildConfiguration section */

/* Begin XCConfigurationList section */
		028751312AF0F6E9004993F4 /* Build configuration list for PBXProject "SocketChatting" */ = {
			isa = XCConfigurationList;
			buildConfigurations = (
				028751482AF0F6EA004993F4 /* Debug */,
				028751492AF0F6EA004993F4 /* Release */,
			);
			defaultConfigurationIsVisible = 0;
			defaultConfigurationName = Release;
		};
		0287514A2AF0F6EA004993F4 /* Build configuration list for PBXNativeTarget "SocketChatting" */ = {
			isa = XCConfigurationList;
			buildConfigurations = (
				0287514B2AF0F6EA004993F4 /* Debug */,
				0287514C2AF0F6EA004993F4 /* Release */,
			);
			defaultConfigurationIsVisible = 0;
			defaultConfigurationName = Release;
		};
/* End XCConfigurationList section */

/* Begin XCRemoteSwiftPackageReference section */
		028751712AF0F7D0004993F4 /* XCRemoteSwiftPackageReference "socket" */ = {
			isa = XCRemoteSwiftPackageReference;
			repositoryURL = "https://github.com/socketio/socket.io-client-swift";
			requirement = {
				branch = master;
				kind = branch;
			};
		};
		028751742AF0F7DE004993F4 /* XCRemoteSwiftPackageReference "SnapKit" */ = {
			isa = XCRemoteSwiftPackageReference;
			repositoryURL = "https://github.com/SnapKit/SnapKit.git";
			requirement = {
				kind = upToNextMajorVersion;
				minimumVersion = 5.6.0;
			};
		};
		028751792AF0F802004993F4 /* XCRemoteSwiftPackageReference "RxSwift" */ = {
			isa = XCRemoteSwiftPackageReference;
			repositoryURL = "https://github.com/ReactiveX/RxSwift";
			requirement = {
				kind = upToNextMajorVersion;
				minimumVersion = 6.6.0;
			};
		};
		0287518E2AF0F88B004993F4 /* XCRemoteSwiftPackageReference "firebase-ios-sdk" */ = {
			isa = XCRemoteSwiftPackageReference;
			repositoryURL = "https://github.com/firebase/firebase-ios-sdk.git";
			requirement = {
				kind = upToNextMajorVersion;
				minimumVersion = 10.17.0;
			};
		};
/* End XCRemoteSwiftPackageReference section */

/* Begin XCSwiftPackageProductDependency section */
		028751722AF0F7D0004993F4 /* SocketIO */ = {
			isa = XCSwiftPackageProductDependency;
			package = 028751712AF0F7D0004993F4 /* XCRemoteSwiftPackageReference "socket" */;
			productName = SocketIO;
		};
		028751752AF0F7DE004993F4 /* SnapKit */ = {
			isa = XCSwiftPackageProductDependency;
			package = 028751742AF0F7DE004993F4 /* XCRemoteSwiftPackageReference "SnapKit" */;
			productName = SnapKit;
		};
		0287517A2AF0F802004993F4 /* RxBlocking */ = {
			isa = XCSwiftPackageProductDependency;
			package = 028751792AF0F802004993F4 /* XCRemoteSwiftPackageReference "RxSwift" */;
			productName = RxBlocking;
		};
		0287517E2AF0F802004993F4 /* RxCocoa */ = {
			isa = XCSwiftPackageProductDependency;
			package = 028751792AF0F802004993F4 /* XCRemoteSwiftPackageReference "RxSwift" */;
			productName = RxCocoa;
		};
		028751822AF0F802004993F4 /* RxRelay */ = {
			isa = XCSwiftPackageProductDependency;
			package = 028751792AF0F802004993F4 /* XCRemoteSwiftPackageReference "RxSwift" */;
			productName = RxRelay;
		};
		028751862AF0F802004993F4 /* RxSwift */ = {
			isa = XCSwiftPackageProductDependency;
			package = 028751792AF0F802004993F4 /* XCRemoteSwiftPackageReference "RxSwift" */;
			productName = RxSwift;
		};
		028751952AF0F88B004993F4 /* FirebaseAuth */ = {
			isa = XCSwiftPackageProductDependency;
			package = 0287518E2AF0F88B004993F4 /* XCRemoteSwiftPackageReference "firebase-ios-sdk" */;
			productName = FirebaseAuth;
		};
/* End XCSwiftPackageProductDependency section */
	};
	rootObject = 0287512E2AF0F6E9004993F4 /* Project object */;
}
